# This file is automatically @generated by Cargo.
# It is not intended for manual editing.
version = 3

[[package]]
name = "rpn_calc0000123"
version = "0.1.0"
source = "registry+https://github.com/rust-lang/crates.io-index"
checksum = "b1d1f4e9cedb6d8891ff1abc536ea1cfc3b1eaebf25a4ee2971d3d258f913ada"

[[package]]
name = "rpn_test"
version = "0.1.0"
dependencies = [
 "rpn_calc0000123",
]
